
Microsoft Visual Studio Solution File, Format Version 12.00
# Visual Studio Version 16
VisualStudioVersion = 16.0.34031.81
MinimumVisualStudioVersion = 10.0.40219.1
Project("{9A19103F-16F7-4668-BE54-9A1E7A4F7556}") = "iTube", "iTube\iTube.csproj", "{A81603BE-41F3-40E7-AB3E-0E3227E085E2}"
EndProject
Project("{FAE04EC0-301F-11D3-BF4B-00C04F79EFBC}") = "DAL", "DAL\DAL.csproj", "{B1E2D92D-6C23-4835-8555-47A6D938B2DE}"
EndProject
Global
	GlobalSection(SolutionConfigurationPlatforms) = preSolution
		Debug|Any CPU = Debug|Any CPU
		Release|Any CPU = Release|Any CPU
	EndGlobalSection
	GlobalSection(ProjectConfigurationPlatforms) = postSolution
		{A81603BE-41F3-40E7-AB3E-0E3227E085E2}.Debug|Any CPU.ActiveCfg = Debug|Any CPU
		{A81603BE-41F3-40E7-AB3E-0E3227E085E2}.Debug|Any CPU.Build.0 = Debug|Any CPU
		{A81603BE-41F3-40E7-AB3E-0E3227E085E2}.Release|Any CPU.ActiveCfg = Release|Any CPU
		{A81603BE-41F3-40E7-AB3E-0E3227E085E2}.Release|Any CPU.Build.0 = Release|Any CPU
		{B1E2D92D-6C23-4835-8555-47A6D938B2DE}.Debug|Any CPU.ActiveCfg = Debug|Any CPU
		{B1E2D92D-6C23-4835-8555-47A6D938B2DE}.Debug|Any CPU.Build.0 = Debug|Any CPU
		{B1E2D92D-6C23-4835-8555-47A6D938B2DE}.Release|Any CPU.ActiveCfg = Release|Any CPU
		{B1E2D92D-6C23-4835-8555-47A6D938B2DE}.Release|Any CPU.Build.0 = Release|Any CPU
	EndGlobalSection
	GlobalSection(SolutionProperties) = preSolution
		HideSolutionNode = FALSE
	EndGlobalSection
	GlobalSection(ExtensibilityGlobals) = postSolution
		SolutionGuid = {B279286F-2F84-4406-99F0-D5ECCE3FB7D4}
	EndGlobalSection
EndGlobal
